// !$*UTF8*$!
{
	archiveVersion = 1;
	classes = {
	};
	objectVersion = 50;
	objects = {

/* Begin PBXBuildFile section */
		BD7E0301234CF36F0002A7F9 /* EarthquakesViewController.m in Sources */ = {isa = PBXBuildFile; fileRef = BD7E0300234CF36F0002A7F9 /* EarthquakesViewController.m */; };
		BDC9629F234CF174002E5296 /* AppDelegate.m in Sources */ = {isa = PBXBuildFile; fileRef = BDC9629E234CF174002E5296 /* AppDelegate.m */; };
		BDC962A2234CF174002E5296 /* SceneDelegate.m in Sources */ = {isa = PBXBuildFile; fileRef = BDC962A1234CF174002E5296 /* SceneDelegate.m */; };
		BDC962AA234CF175002E5296 /* Assets.xcassets in Resources */ = {isa = PBXBuildFile; fileRef = BDC962A9234CF175002E5296 /* Assets.xcassets */; };
		BDC962AD234CF175002E5296 /* LaunchScreen.storyboard in Resources */ = {isa = PBXBuildFile; fileRef = BDC962AB234CF175002E5296 /* LaunchScreen.storyboard */; };
		BDC962B0234CF175002E5296 /* main.m in Sources */ = {isa = PBXBuildFile; fileRef = BDC962AF234CF175002E5296 /* main.m */; };
		BDC962B7234CF1E4002E5296 /* Main.storyboard in Resources */ = {isa = PBXBuildFile; fileRef = BDC962B6234CF1E4002E5296 /* Main.storyboard */; };
/* End PBXBuildFile section */

/* Begin PBXFileReference section */
		BD7E02FF234CF36F0002A7F9 /* EarthquakesViewController.h */ = {isa = PBXFileReference; lastKnownFileType = sourcecode.c.h; path = EarthquakesViewController.h; sourceTree = "<group>"; };
		BD7E0300234CF36F0002A7F9 /* EarthquakesViewController.m */ = {isa = PBXFileReference; lastKnownFileType = sourcecode.c.objc; path = EarthquakesViewController.m; sourceTree = "<group>"; };
		BDC9629A234CF174002E5296 /* iOS8-Quakes-Objc.app */ = {isa = PBXFileReference; explicitFileType = wrapper.application; includeInIndex = 0; path = "iOS8-Quakes-Objc.app"; sourceTree = BUILT_PRODUCTS_DIR; };
		BDC9629D234CF174002E5296 /* AppDelegate.h */ = {isa = PBXFileReference; lastKnownFileType = sourcecode.c.h; path = AppDelegate.h; sourceTree = "<group>"; };
		BDC9629E234CF174002E5296 /* AppDelegate.m */ = {isa = PBXFileReference; lastKnownFileType = sourcecode.c.objc; path = AppDelegate.m; sourceTree = "<group>"; };
		BDC962A0234CF174002E5296 /* SceneDelegate.h */ = {isa = PBXFileReference; lastKnownFileType = sourcecode.c.h; path = SceneDelegate.h; sourceTree = "<group>"; };
		BDC962A1234CF174002E5296 /* SceneDelegate.m */ = {isa = PBXFileReference; lastKnownFileType = sourcecode.c.objc; path = SceneDelegate.m; sourceTree = "<group>"; };
		BDC962A9234CF175002E5296 /* Assets.xcassets */ = {isa = PBXFileReference; lastKnownFileType = folder.assetcatalog; path = Assets.xcassets; sourceTree = "<group>"; };
		BDC962AC234CF175002E5296 /* Base */ = {isa = PBXFileReference; lastKnownFileType = file.storyboard; name = Base; path = Base.lproj/LaunchScreen.storyboard; sourceTree = "<group>"; };
		BDC962AE234CF175002E5296 /* Info.plist */ = {isa = PBXFileReference; lastKnownFileType = text.plist.xml; path = Info.plist; sourceTree = "<group>"; };
		BDC962AF234CF175002E5296 /* main.m */ = {isa = PBXFileReference; lastKnownFileType = sourcecode.c.objc; path = main.m; sourceTree = "<group>"; };
		BDC962B6234CF1E4002E5296 /* Main.storyboard */ = {isa = PBXFileReference; fileEncoding = 4; lastKnownFileType = file.storyboard; path = Main.storyboard; sourceTree = "<group>"; };
/* End PBXFileReference section */

/* Begin PBXFrameworksBuildPhase section */
		BDC96297234CF174002E5296 /* Frameworks */ = {
			isa = PBXFrameworksBuildPhase;
			buildActionMask = 2147483647;
			files = (
			);
			runOnlyForDeploymentPostprocessing = 0;
		};
/* End PBXFrameworksBuildPhase section */

/* Begin PBXGroup section */
		BDC96291234CF174002E5296 = {
			isa = PBXGroup;
			children = (
				BDC9629C234CF174002E5296 /* iOS8-Quakes-Objc */,
				BDC9629B234CF174002E5296 /* Products */,
			);
			sourceTree = "<group>";
		};
		BDC9629B234CF174002E5296 /* Products */ = {
			isa = PBXGroup;
			children = (
				BDC9629A234CF174002E5296 /* iOS8-Quakes-Objc.app */,
			);
			name = Products;
			sourceTree = "<group>";
		};
		BDC9629C234CF174002E5296 /* iOS8-Quakes-Objc */ = {
			isa = PBXGroup;
			children = (
				BDC9629D234CF174002E5296 /* AppDelegate.h */,
				BDC9629E234CF174002E5296 /* AppDelegate.m */,
				BDC962A0234CF174002E5296 /* SceneDelegate.h */,
				BDC962A1234CF174002E5296 /* SceneDelegate.m */,
				BD7E02FF234CF36F0002A7F9 /* EarthquakesViewController.h */,
				BD7E0300234CF36F0002A7F9 /* EarthquakesViewController.m */,
				BDC962B6234CF1E4002E5296 /* Main.storyboard */,
				BDC962A9234CF175002E5296 /* Assets.xcassets */,
				BDC962AB234CF175002E5296 /* LaunchScreen.storyboard */,
				BDC962AE234CF175002E5296 /* Info.plist */,
				BDC962AF234CF175002E5296 /* main.m */,
			);
			path = "iOS8-Quakes-Objc";
			sourceTree = "<group>";
		};
/* End PBXGroup section */

/* Begin PBXNativeTarget section */
		BDC96299234CF174002E5296 /* iOS8-Quakes-Objc */ = {
			isa = PBXNativeTarget;
			buildConfigurationList = BDC962B3234CF175002E5296 /* Build configuration list for PBXNativeTarget "iOS8-Quakes-Objc" */;
			buildPhases = (
				BDC96296234CF174002E5296 /* Sources */,
				BDC96297234CF174002E5296 /* Frameworks */,
				BDC96298234CF174002E5296 /* Resources */,
			);
			buildRules = (
			);
			dependencies = (
			);
			name = "iOS8-Quakes-Objc";
			productName = "iOS8-Quakes-Objc";
			productReference = BDC9629A234CF174002E5296 /* iOS8-Quakes-Objc.app */;
			productType = "com.apple.product-type.application";
		};
/* End PBXNativeTarget section */

/* Begin PBXProject section */
		BDC96292234CF174002E5296 /* Project object */ = {
			isa = PBXProject;
			attributes = {
				LastUpgradeCheck = 1110;
				ORGANIZATIONNAME = "Lambda, Inc";
				TargetAttributes = {
					BDC96299234CF174002E5296 = {
						CreatedOnToolsVersion = 11.1;
					};
				};
			};
			buildConfigurationList = BDC96295234CF174002E5296 /* Build configuration list for PBXProject "iOS8-Quakes-Objc" */;
			compatibilityVersion = "Xcode 9.3";
			developmentRegion = en;
			hasScannedForEncodings = 0;
			knownRegions = (
				en,
				Base,
			);
			mainGroup = BDC96291234CF174002E5296;
			productRefGroup = BDC9629B234CF174002E5296 /* Products */;
			projectDirPath = "";
			projectRoot = "";
			targets = (
				BDC96299234CF174002E5296 /* iOS8-Quakes-Objc */,
			);
		};
/* End PBXProject section */

/* Begin PBXResourcesBuildPhase section */
		BDC96298234CF174002E5296 /* Resources */ = {
			isa = PBXResourcesBuildPhase;
			buildActionMask = 2147483647;
			files = (
				BDC962B7234CF1E4002E5296 /* Main.storyboard in Resources */,
				BDC962AD234CF175002E5296 /* LaunchScreen.storyboard in Resources */,
				BDC962AA234CF175002E5296 /* Assets.xcassets in Resources */,
			);
			runOnlyForDeploymentPostprocessing = 0;
		};
/* End PBXResourcesBuildPhase section */

/* Begin PBXSourcesBuildPhase section */
		BDC96296234CF174002E5296 /* Sources */ = {
			isa = PBXSourcesBuildPhase;
			buildActionMask = 2147483647;
			files = (
				BDC9629F234CF174002E5296 /* AppDelegate.m in Sources */,
				BDC962B0234CF175002E5296 /* main.m in Sources */,
				BDC962A2234CF174002E5296 /* SceneDelegate.m in Sources */,
				BD7E0301234CF36F0002A7F9 /* EarthquakesViewController.m in Sources */,
			);
			runOnlyForDeploymentPostprocessing = 0;
		};
/* End PBXSourcesBuildPhase section */

/* Begin PBXVariantGroup section */
		BDC962AB234CF175002E5296 /* LaunchScreen.storyboard */ = {
			isa = PBXVariantGroup;
			children = (
				BDC962AC234CF175002E5296 /* Base */,
			);
			name = LaunchScreen.storyboard;
			sourceTree = "<group>";
		};
/* End PBXVariantGroup section */

/* Begin XCBuildConfiguration section */
		BDC962B1234CF175002E5296 /* Debug */ = {
			isa = XCBuildConfiguration;
			buildSettings = {
				ALWAYS_SEARCH_USER_PATHS = NO;
				CLANG_ANALYZER_NONNULL = YES;
				CLANG_ANALYZER_NUMBER_OBJECT_CONVERSION = YES_AGGRESSIVE;
				CLANG_CXX_LANGUAGE_STANDARD = "gnu++14";
				CLANG_CXX_LIBRARY = "libc++";
				CLANG_ENABLE_MODULES = YES;
				CLANG_ENABLE_OBJC_ARC = YES;
				CLANG_ENABLE_OBJC_WEAK = YES;
				CLANG_WARN_BLOCK_CAPTURE_AUTORELEASING = YES;
				CLANG_WARN_BOOL_CONVERSION = YES;
				CLANG_WARN_COMMA = YES;
				CLANG_WARN_CONSTANT_CONVERSION = YES;
				CLANG_WARN_DEPRECATED_OBJC_IMPLEMENTATIONS = YES;
				CLANG_WARN_DIRECT_OBJC_ISA_USAGE = YES_ERROR;
				CLANG_WARN_DOCUMENTATION_COMMENTS = YES;
				CLANG_WARN_EMPTY_BODY = YES;
				CLANG_WARN_ENUM_CONVERSION = YES;
				CLANG_WARN_INFINITE_RECURSION = YES;
				CLANG_WARN_INT_CONVERSION = YES;
				CLANG_WARN_NON_LITERAL_NULL_CONVERSION = YES;
				CLANG_WARN_OBJC_IMPLICIT_RETAIN_SELF = YES;
				CLANG_WARN_OBJC_LITERAL_CONVERSION = YES;
				CLANG_WARN_OBJC_ROOT_CLASS = YES_ERROR;
				CLANG_WARN_RANGE_LOOP_ANALYSIS = YES;
				CLANG_WARN_STRICT_PROTOTYPES = YES;
				CLANG_WARN_SUSPICIOUS_MOVE = YES;
				CLANG_WARN_UNGUARDED_AVAILABILITY = YES_AGGRESSIVE;
				CLANG_WARN_UNREACHABLE_CODE = YES;
				CLANG_WARN__DUPLICATE_METHOD_MATCH = YES;
				COPY_PHASE_STRIP = NO;
				DEBUG_INFORMATION_FORMAT = dwarf;
				ENABLE_STRICT_OBJC_MSGSEND = YES;
				ENABLE_TESTABILITY = YES;
				GCC_C_LANGUAGE_STANDARD = gnu11;
				GCC_DYNAMIC_NO_PIC = NO;
				GCC_NO_COMMON_BLOCKS = YES;
				GCC_OPTIMIZATION_LEVEL = 0;
				GCC_PREPROCESSOR_DEFINITIONS = (
					"DEBUG=1",
					"$(inherited)",
				);
				GCC_WARN_64_TO_32_BIT_CONVERSION = YES;
				GCC_WARN_ABOUT_RETURN_TYPE = YES_ERROR;
				GCC_WARN_UNDECLARED_SELECTOR = YES;
				GCC_WARN_UNINITIALIZED_AUTOS = YES_AGGRESSIVE;
				GCC_WARN_UNUSED_FUNCTION = YES;
				GCC_WARN_UNUSED_VARIABLE = YES;
				IPHONEOS_DEPLOYMENT_TARGET = 13.1;
				MTL_ENABLE_DEBUG_INFO = INCLUDE_SOURCE;
				MTL_FAST_MATH = YES;
				ONLY_ACTIVE_ARCH = YES;
				SDKROOT = iphoneos;
			};
			name = Debug;
		};
		BDC962B2234CF175002E5296 /* Release */ = {
			isa = XCBuildConfiguration;
			buildSettings = {
				ALWAYS_SEARCH_USER_PATHS = NO;
				CLANG_ANALYZER_NONNULL = YES;
				CLANG_ANALYZER_NUMBER_OBJECT_CONVERSION = YES_AGGRESSIVE;
				CLANG_CXX_LANGUAGE_STANDARD = "gnu++14";
				CLANG_CXX_LIBRARY = "libc++";
				CLANG_ENABLE_MODULES = YES;
				CLANG_ENABLE_OBJC_ARC = YES;
				CLANG_ENABLE_OBJC_WEAK = YES;
				CLANG_WARN_BLOCK_CAPTURE_AUTORELEASING = YES;
				CLANG_WARN_BOOL_CONVERSION = YES;
				CLANG_WARN_COMMA = YES;
				CLANG_WARN_CONSTANT_CONVERSION = YES;
				CLANG_WARN_DEPRECATED_OBJC_IMPLEMENTATIONS = YES;
				CLANG_WARN_DIRECT_OBJC_ISA_USAGE = YES_ERROR;
				CLANG_WARN_DOCUMENTATION_COMMENTS = YES;
				CLANG_WARN_EMPTY_BODY = YES;
				CLANG_WARN_ENUM_CONVERSION = YES;
				CLANG_WARN_INFINITE_RECURSION = YES;
				CLANG_WARN_INT_CONVERSION = YES;
				CLANG_WARN_NON_LITERAL_NULL_CONVERSION = YES;
				CLANG_WARN_OBJC_IMPLICIT_RETAIN_SELF = YES;
				CLANG_WARN_OBJC_LITERAL_CONVERSION = YES;
				CLANG_WARN_OBJC_ROOT_CLASS = YES_ERROR;
				CLANG_WARN_RANGE_LOOP_ANALYSIS = YES;
				CLANG_WARN_STRICT_PROTOTYPES = YES;
				CLANG_WARN_SUSPICIOUS_MOVE = YES;
				CLANG_WARN_UNGUARDED_AVAILABILITY = YES_AGGRESSIVE;
				CLANG_WARN_UNREACHABLE_CODE = YES;
				CLANG_WARN__DUPLICATE_METHOD_MATCH = YES;
				COPY_PHASE_STRIP = NO;
				DEBUG_INFORMATION_FORMAT = "dwarf-with-dsym";
				ENABLE_NS_ASSERTIONS = NO;
				ENABLE_STRICT_OBJC_MSGSEND = YES;
				GCC_C_LANGUAGE_STANDARD = gnu11;
				GCC_NO_COMMON_BLOCKS = YES;
				GCC_WARN_64_TO_32_BIT_CONVERSION = YES;
				GCC_WARN_ABOUT_RETURN_TYPE = YES_ERROR;
				GCC_WARN_UNDECLARED_SELECTOR = YES;
				GCC_WARN_UNINITIALIZED_AUTOS = YES_AGGRESSIVE;
				GCC_WARN_UNUSED_FUNCTION = YES;
				GCC_WARN_UNUSED_VARIABLE = YES;
				IPHONEOS_DEPLOYMENT_TARGET = 13.1;
				MTL_ENABLE_DEBUG_INFO = NO;
				MTL_FAST_MATH = YES;
				SDKROOT = iphoneos;
				VALIDATE_PRODUCT = YES;
			};
			name = Release;
		};
		BDC962B4234CF175002E5296 /* Debug */ = {
			isa = XCBuildConfiguration;
			buildSettings = {
				ASSETCATALOG_COMPILER_APPICON_NAME = AppIcon;
				CODE_SIGN_STYLE = Automatic;
				DEVELOPMENT_TEAM = LCRLD36TZ6;
				INFOPLIST_FILE = "iOS8-Quakes-Objc/Info.plist";
				LD_RUNPATH_SEARCH_PATHS = (
					"$(inherited)",
					"@executable_path/Frameworks",
				);
				PRODUCT_BUNDLE_IDENTIFIER = "com.lambdaschool.iOS8-Quakes-Objc";
				PRODUCT_NAME = "$(TARGET_NAME)";
				TARGETED_DEVICE_FAMILY = "1,2";
			};
			name = Debug;
		};
		BDC962B5234CF175002E5296 /* Release */ = {
			isa = XCBuildConfiguration;
			buildSettings = {
				ASSETCATALOG_COMPILER_APPICON_NAME = AppIcon;
				CODE_SIGN_STYLE = Automatic;
				DEVELOPMENT_TEAM = LCRLD36TZ6;
				INFOPLIST_FILE = "iOS8-Quakes-Objc/Info.plist";
				LD_RUNPATH_SEARCH_PATHS = (
					"$(inherited)",
					"@executable_path/Frameworks",
				);
				PRODUCT_BUNDLE_IDENTIFIER = "com.lambdaschool.iOS8-Quakes-Objc";
				PRODUCT_NAME = "$(TARGET_NAME)";
				TARGETED_DEVICE_FAMILY = "1,2";
			};
			name = Release;
		};
/* End XCBuildConfiguration section */

/* Begin XCConfigurationList section */
		BDC96295234CF174002E5296 /* Build configuration list for PBXProject "iOS8-Quakes-Objc" */ = {
			isa = XCConfigurationList;
			buildConfigurations = (
				BDC962B1234CF175002E5296 /* Debug */,
				BDC962B2234CF175002E5296 /* Release */,
			);
			defaultConfigurationIsVisible = 0;
			defaultConfigurationName = Release;
		};
		BDC962B3234CF175002E5296 /* Build configuration list for PBXNativeTarget "iOS8-Quakes-Objc" */ = {
			isa = XCConfigurationList;
			buildConfigurations = (
				BDC962B4234CF175002E5296 /* Debug */,
				BDC962B5234CF175002E5296 /* Release */,
			);
			defaultConfigurationIsVisible = 0;
			defaultConfigurationName = Release;
		};
/* End XCConfigurationList section */
	};
	rootObject = BDC96292234CF174002E5296 /* Project object */;
}
